// !$*UTF8*$!
{
	archiveVersion = 1;
	classes = {
	};
	objectVersion = 50;
	objects = {

/* Begin PBXBuildFile section */
		EA8718A12A8350EA001172C8 /* AppDelegate.swift in Sources */ = {isa = PBXBuildFile; fileRef = EA8718A02A8350EA001172C8 /* AppDelegate.swift */; };
		EA8718A32A8350EA001172C8 /* SceneDelegate.swift in Sources */ = {isa = PBXBuildFile; fileRef = EA8718A22A8350EA001172C8 /* SceneDelegate.swift */; };
		EA8718A52A8350EA001172C8 /* ViewController.swift in Sources */ = {isa = PBXBuildFile; fileRef = EA8718A42A8350EA001172C8 /* ViewController.swift */; };
		EA8718A82A8350EA001172C8 /* Main.storyboard in Resources */ = {isa = PBXBuildFile; fileRef = EA8718A62A8350EA001172C8 /* Main.storyboard */; };
		EA8718AA2A8350F7001172C8 /* Assets.xcassets in Resources */ = {isa = PBXBuildFile; fileRef = EA8718A92A8350F7001172C8 /* Assets.xcassets */; };
		EA8718AD2A8350F7001172C8 /* LaunchScreen.storyboard in Resources */ = {isa = PBXBuildFile; fileRef = EA8718AB2A8350F7001172C8 /* LaunchScreen.storyboard */; };
		EA8718B82A8350F7001172C8 /* CallBackClosuresTests.swift in Sources */ = {isa = PBXBuildFile; fileRef = EA8718B72A8350F7001172C8 /* CallBackClosuresTests.swift */; };
		EA8718C32A8350F7001172C8 /* CallBackClosuresUITests.swift in Sources */ = {isa = PBXBuildFile; fileRef = EA8718C22A8350F7001172C8 /* CallBackClosuresUITests.swift */; };
/* End PBXBuildFile section */

/* Begin PBXContainerItemProxy section */
		EA8718B42A8350F7001172C8 /* PBXContainerItemProxy */ = {
			isa = PBXContainerItemProxy;
			containerPortal = EA8718952A8350EA001172C8 /* Project object */;
			proxyType = 1;
			remoteGlobalIDString = EA87189C2A8350EA001172C8;
			remoteInfo = CallBackClosures;
		};
		EA8718BF2A8350F7001172C8 /* PBXContainerItemProxy */ = {
			isa = PBXContainerItemProxy;
			containerPortal = EA8718952A8350EA001172C8 /* Project object */;
			proxyType = 1;
			remoteGlobalIDString = EA87189C2A8350EA001172C8;
			remoteInfo = CallBackClosures;
		};
/* End PBXContainerItemProxy section */

/* Begin PBXFileReference section */
		EA87189D2A8350EA001172C8 /* CallBackClosures.app */ = {isa = PBXFileReference; explicitFileType = wrapper.application; includeInIndex = 0; path = CallBackClosures.app; sourceTree = BUILT_PRODUCTS_DIR; };
		EA8718A02A8350EA001172C8 /* AppDelegate.swift */ = {isa = PBXFileReference; lastKnownFileType = sourcecode.swift; path = AppDelegate.swift; sourceTree = "<group>"; };
		EA8718A22A8350EA001172C8 /* SceneDelegate.swift */ = {isa = PBXFileReference; lastKnownFileType = sourcecode.swift; path = SceneDelegate.swift; sourceTree = "<group>"; };
		EA8718A42A8350EA001172C8 /* ViewController.swift */ = {isa = PBXFileReference; lastKnownFileType = sourcecode.swift; path = ViewController.swift; sourceTree = "<group>"; };
		EA8718A72A8350EA001172C8 /* Base */ = {isa = PBXFileReference; lastKnownFileType = file.storyboard; name = Base; path = Base.lproj/Main.storyboard; sourceTree = "<group>"; };
		EA8718A92A8350F7001172C8 /* Assets.xcassets */ = {isa = PBXFileReference; lastKnownFileType = folder.assetcatalog; path = Assets.xcassets; sourceTree = "<group>"; };
		EA8718AC2A8350F7001172C8 /* Base */ = {isa = PBXFileReference; lastKnownFileType = file.storyboard; name = Base; path = Base.lproj/LaunchScreen.storyboard; sourceTree = "<group>"; };
		EA8718AE2A8350F7001172C8 /* Info.plist */ = {isa = PBXFileReference; lastKnownFileType = text.plist.xml; path = Info.plist; sourceTree = "<group>"; };
		EA8718B32A8350F7001172C8 /* CallBackClosuresTests.xctest */ = {isa = PBXFileReference; explicitFileType = wrapper.cfbundle; includeInIndex = 0; path = CallBackClosuresTests.xctest; sourceTree = BUILT_PRODUCTS_DIR; };
		EA8718B72A8350F7001172C8 /* CallBackClosuresTests.swift */ = {isa = PBXFileReference; lastKnownFileType = sourcecode.swift; path = CallBackClosuresTests.swift; sourceTree = "<group>"; };
		EA8718B92A8350F7001172C8 /* Info.plist */ = {isa = PBXFileReference; lastKnownFileType = text.plist.xml; path = Info.plist; sourceTree = "<group>"; };
		EA8718BE2A8350F7001172C8 /* CallBackClosuresUITests.xctest */ = {isa = PBXFileReference; explicitFileType = wrapper.cfbundle; includeInIndex = 0; path = CallBackClosuresUITests.xctest; sourceTree = BUILT_PRODUCTS_DIR; };
		EA8718C22A8350F7001172C8 /* CallBackClosuresUITests.swift */ = {isa = PBXFileReference; lastKnownFileType = sourcecode.swift; path = CallBackClosuresUITests.swift; sourceTree = "<group>"; };
		EA8718C42A8350F7001172C8 /* Info.plist */ = {isa = PBXFileReference; lastKnownFileType = text.plist.xml; path = Info.plist; sourceTree = "<group>"; };
/* End PBXFileReference section */

/* Begin PBXFrameworksBuildPhase section */
		EA87189A2A8350EA001172C8 /* Frameworks */ = {
			isa = PBXFrameworksBuildPhase;
			buildActionMask = 2147483647;
			files = (
			);
			runOnlyForDeploymentPostprocessing = 0;
		};
		EA8718B02A8350F7001172C8 /* Frameworks */ = {
			isa = PBXFrameworksBuildPhase;
			buildActionMask = 2147483647;
			files = (
			);
			runOnlyForDeploymentPostprocessing = 0;
		};
		EA8718BB2A8350F7001172C8 /* Frameworks */ = {
			isa = PBXFrameworksBuildPhase;
			buildActionMask = 2147483647;
			files = (
			);
			runOnlyForDeploymentPostprocessing = 0;
		};
/* End PBXFrameworksBuildPhase section */

/* Begin PBXGroup section */
		EA8718942A8350EA001172C8 = {
			isa = PBXGroup;
			children = (
				EA87189F2A8350EA001172C8 /* CallBackClosures */,
				EA8718B62A8350F7001172C8 /* CallBackClosuresTests */,
				EA8718C12A8350F7001172C8 /* CallBackClosuresUITests */,
				EA87189E2A8350EA001172C8 /* Products */,
			);
			sourceTree = "<group>";
		};
		EA87189E2A8350EA001172C8 /* Products */ = {
			isa = PBXGroup;
			children = (
				EA87189D2A8350EA001172C8 /* CallBackClosures.app */,
				EA8718B32A8350F7001172C8 /* CallBackClosuresTests.xctest */,
				EA8718BE2A8350F7001172C8 /* CallBackClosuresUITests.xctest */,
			);
			name = Products;
			sourceTree = "<group>";
		};
		EA87189F2A8350EA001172C8 /* CallBackClosures */ = {
			isa = PBXGroup;
			children = (
				EA8718A02A8350EA001172C8 /* AppDelegate.swift */,
				EA8718A22A8350EA001172C8 /* SceneDelegate.swift */,
				EA8718A42A8350EA001172C8 /* ViewController.swift */,
				EA8718A62A8350EA001172C8 /* Main.storyboard */,
				EA8718A92A8350F7001172C8 /* Assets.xcassets */,
				EA8718AB2A8350F7001172C8 /* LaunchScreen.storyboard */,
				EA8718AE2A8350F7001172C8 /* Info.plist */,
			);
			path = CallBackClosures;
			sourceTree = "<group>";
		};
		EA8718B62A8350F7001172C8 /* CallBackClosuresTests */ = {
			isa = PBXGroup;
			children = (
				EA8718B72A8350F7001172C8 /* CallBackClosuresTests.swift */,
				EA8718B92A8350F7001172C8 /* Info.plist */,
			);
			path = CallBackClosuresTests;
			sourceTree = "<group>";
		};
		EA8718C12A8350F7001172C8 /* CallBackClosuresUITests */ = {
			isa = PBXGroup;
			children = (
				EA8718C22A8350F7001172C8 /* CallBackClosuresUITests.swift */,
				EA8718C42A8350F7001172C8 /* Info.plist */,
			);
			path = CallBackClosuresUITests;
			sourceTree = "<group>";
		};
/* End PBXGroup section */

/* Begin PBXNativeTarget section */
		EA87189C2A8350EA001172C8 /* CallBackClosures */ = {
			isa = PBXNativeTarget;
			buildConfigurationList = EA8718C72A8350F7001172C8 /* Build configuration list for PBXNativeTarget "CallBackClosures" */;
			buildPhases = (
				EA8718992A8350EA001172C8 /* Sources */,
				EA87189A2A8350EA001172C8 /* Frameworks */,
				EA87189B2A8350EA001172C8 /* Resources */,
			);
			buildRules = (
			);
			dependencies = (
			);
			name = CallBackClosures;
			productName = CallBackClosures;
			productReference = EA87189D2A8350EA001172C8 /* CallBackClosures.app */;
			productType = "com.apple.product-type.application";
		};
		EA8718B22A8350F7001172C8 /* CallBackClosuresTests */ = {
			isa = PBXNativeTarget;
			buildConfigurationList = EA8718CA2A8350F7001172C8 /* Build configuration list for PBXNativeTarget "CallBackClosuresTests" */;
			buildPhases = (
				EA8718AF2A8350F7001172C8 /* Sources */,
				EA8718B02A8350F7001172C8 /* Frameworks */,
				EA8718B12A8350F7001172C8 /* Resources */,
			);
			buildRules = (
			);
			dependencies = (
				EA8718B52A8350F7001172C8 /* PBXTargetDependency */,
			);
			name = CallBackClosuresTests;
			productName = CallBackClosuresTests;
			productReference = EA8718B32A8350F7001172C8 /* CallBackClosuresTests.xctest */;
			productType = "com.apple.product-type.bundle.unit-test";
		};
		EA8718BD2A8350F7001172C8 /* CallBackClosuresUITests */ = {
			isa = PBXNativeTarget;
			buildConfigurationList = EA8718CD2A8350F7001172C8 /* Build configuration list for PBXNativeTarget "CallBackClosuresUITests" */;
			buildPhases = (
				EA8718BA2A8350F7001172C8 /* Sources */,
				EA8718BB2A8350F7001172C8 /* Frameworks */,
				EA8718BC2A8350F7001172C8 /* Resources */,
			);
			buildRules = (
			);
			dependencies = (
				EA8718C02A8350F7001172C8 /* PBXTargetDependency */,
			);
			name = CallBackClosuresUITests;
			productName = CallBackClosuresUITests;
			productReference = EA8718BE2A8350F7001172C8 /* CallBackClosuresUITests.xctest */;
			productType = "com.apple.product-type.bundle.ui-testing";
		};
/* End PBXNativeTarget section */

/* Begin PBXProject section */
		EA8718952A8350EA001172C8 /* Project object */ = {
			isa = PBXProject;
			attributes = {
				LastSwiftUpdateCheck = 1240;
				LastUpgradeCheck = 1240;
				TargetAttributes = {
					EA87189C2A8350EA001172C8 = {
						CreatedOnToolsVersion = 12.4;
					};
					EA8718B22A8350F7001172C8 = {
						CreatedOnToolsVersion = 12.4;
						TestTargetID = EA87189C2A8350EA001172C8;
					};
					EA8718BD2A8350F7001172C8 = {
						CreatedOnToolsVersion = 12.4;
						TestTargetID = EA87189C2A8350EA001172C8;
					};
				};
			};
			buildConfigurationList = EA8718982A8350EA001172C8 /* Build configuration list for PBXProject "CallBackClosures" */;
			compatibilityVersion = "Xcode 9.3";
			developmentRegion = en;
			hasScannedForEncodings = 0;
			knownRegions = (
				en,
				Base,
			);
			mainGroup = EA8718942A8350EA001172C8;
			productRefGroup = EA87189E2A8350EA001172C8 /* Products */;
			projectDirPath = "";
			projectRoot = "";
			targets = (
				EA87189C2A8350EA001172C8 /* CallBackClosures */,
				EA8718B22A8350F7001172C8 /* CallBackClosuresTests */,
				EA8718BD2A8350F7001172C8 /* CallBackClosuresUITests */,
			);
		};
/* End PBXProject section */

/* Begin PBXResourcesBuildPhase section */
		EA87189B2A8350EA001172C8 /* Resources */ = {
			isa = PBXResourcesBuildPhase;
			buildActionMask = 2147483647;
			files = (
				EA8718AD2A8350F7001172C8 /* LaunchScreen.storyboard in Resources */,
				EA8718AA2A8350F7001172C8 /* Assets.xcassets in Resources */,
				EA8718A82A8350EA001172C8 /* Main.storyboard in Resources */,
			);
			runOnlyForDeploymentPostprocessing = 0;
		};
		EA8718B12A8350F7001172C8 /* Resources */ = {
			isa = PBXResourcesBuildPhase;
			buildActionMask = 2147483647;
			files = (
			);
			runOnlyForDeploymentPostprocessing = 0;
		};
		EA8718BC2A8350F7001172C8 /* Resources */ = {
			isa = PBXResourcesBuildPhase;
			buildActionMask = 2147483647;
			files = (
			);
			runOnlyForDeploymentPostprocessing = 0;
		};
/* End PBXResourcesBuildPhase section */

/* Begin PBXSourcesBuildPhase section */
		EA8718992A8350EA001172C8 /* Sources */ = {
			isa = PBXSourcesBuildPhase;
			buildActionMask = 2147483647;
			files = (
				EA8718A52A8350EA001172C8 /* ViewController.swift in Sources */,
				EA8718A12A8350EA001172C8 /* AppDelegate.swift in Sources */,
				EA8718A32A8350EA001172C8 /* SceneDelegate.swift in Sources */,
			);
			runOnlyForDeploymentPostprocessing = 0;
		};
		EA8718AF2A8350F7001172C8 /* Sources */ = {
			isa = PBXSourcesBuildPhase;
			buildActionMask = 2147483647;
			files = (
				EA8718B82A8350F7001172C8 /* CallBackClosuresTests.swift in Sources */,
			);
			runOnlyForDeploymentPostprocessing = 0;
		};
		EA8718BA2A8350F7001172C8 /* Sources */ = {
			isa = PBXSourcesBuildPhase;
			buildActionMask = 2147483647;
			files = (
				EA8718C32A8350F7001172C8 /* CallBackClosuresUITests.swift in Sources */,
			);
			runOnlyForDeploymentPostprocessing = 0;
		};
/* End PBXSourcesBuildPhase section */

/* Begin PBXTargetDependency section */
		EA8718B52A8350F7001172C8 /* PBXTargetDependency */ = {
			isa = PBXTargetDependency;
			target = EA87189C2A8350EA001172C8 /* CallBackClosures */;
			targetProxy = EA8718B42A8350F7001172C8 /* PBXContainerItemProxy */;
		};
		EA8718C02A8350F7001172C8 /* PBXTargetDependency */ = {
			isa = PBXTargetDependency;
			target = EA87189C2A8350EA001172C8 /* CallBackClosures */;
			targetProxy = EA8718BF2A8350F7001172C8 /* PBXContainerItemProxy */;
		};
/* End PBXTargetDependency section */

/* Begin PBXVariantGroup section */
		EA8718A62A8350EA001172C8 /* Main.storyboard */ = {
			isa = PBXVariantGroup;
			children = (
				EA8718A72A8350EA001172C8 /* Base */,
			);
			name = Main.storyboard;
			sourceTree = "<group>";
		};
		EA8718AB2A8350F7001172C8 /* LaunchScreen.storyboard */ = {
			isa = PBXVariantGroup;
			children = (
				EA8718AC2A8350F7001172C8 /* Base */,
			);
			name = LaunchScreen.storyboard;
			sourceTree = "<group>";
		};
/* End PBXVariantGroup section */

/* Begin XCBuildConfiguration section */
		EA8718C52A8350F7001172C8 /* Debug */ = {
			isa = XCBuildConfiguration;
			buildSettings = {
				ALWAYS_SEARCH_USER_PATHS = NO;
				CLANG_ANALYZER_NONNULL = YES;
				CLANG_ANALYZER_NUMBER_OBJECT_CONVERSION = YES_AGGRESSIVE;
				CLANG_CXX_LANGUAGE_STANDARD = "gnu++14";
				CLANG_CXX_LIBRARY = "libc++";
				CLANG_ENABLE_MODULES = YES;
				CLANG_ENABLE_OBJC_ARC = YES;
				CLANG_ENABLE_OBJC_WEAK = YES;
				CLANG_WARN_BLOCK_CAPTURE_AUTORELEASING = YES;
				CLANG_WARN_BOOL_CONVERSION = YES;
				CLANG_WARN_COMMA = YES;
				CLANG_WARN_CONSTANT_CONVERSION = YES;
				CLANG_WARN_DEPRECATED_OBJC_IMPLEMENTATIONS = YES;
				CLANG_WARN_DIRECT_OBJC_ISA_USAGE = YES_ERROR;
				CLANG_WARN_DOCUMENTATION_COMMENTS = YES;
				CLANG_WARN_EMPTY_BODY = YES;
				CLANG_WARN_ENUM_CONVERSION = YES;
				CLANG_WARN_INFINITE_RECURSION = YES;
				CLANG_WARN_INT_CONVERSION = YES;
				CLANG_WARN_NON_LITERAL_NULL_CONVERSION = YES;
				CLANG_WARN_OBJC_IMPLICIT_RETAIN_SELF = YES;
				CLANG_WARN_OBJC_LITERAL_CONVERSION = YES;
				CLANG_WARN_OBJC_ROOT_CLASS = YES_ERROR;
				CLANG_WARN_QUOTED_INCLUDE_IN_FRAMEWORK_HEADER = YES;
				CLANG_WARN_RANGE_LOOP_ANALYSIS = YES;
				CLANG_WARN_STRICT_PROTOTYPES = YES;
				CLANG_WARN_SUSPICIOUS_MOVE = YES;
				CLANG_WARN_UNGUARDED_AVAILABILITY = YES_AGGRESSIVE;
				CLANG_WARN_UNREACHABLE_CODE = YES;
				CLANG_WARN__DUPLICATE_METHOD_MATCH = YES;
				COPY_PHASE_STRIP = NO;
				DEBUG_INFORMATION_FORMAT = dwarf;
				ENABLE_STRICT_OBJC_MSGSEND = YES;
				ENABLE_TESTABILITY = YES;
				GCC_C_LANGUAGE_STANDARD = gnu11;
				GCC_DYNAMIC_NO_PIC = NO;
				GCC_NO_COMMON_BLOCKS = YES;
				GCC_OPTIMIZATION_LEVEL = 0;
				GCC_PREPROCESSOR_DEFINITIONS = (
					"DEBUG=1",
					"$(inherited)",
				);
				GCC_WARN_64_TO_32_BIT_CONVERSION = YES;
				GCC_WARN_ABOUT_RETURN_TYPE = YES_ERROR;
				GCC_WARN_UNDECLARED_SELECTOR = YES;
				GCC_WARN_UNINITIALIZED_AUTOS = YES_AGGRESSIVE;
				GCC_WARN_UNUSED_FUNCTION = YES;
				GCC_WARN_UNUSED_VARIABLE = YES;
				IPHONEOS_DEPLOYMENT_TARGET = 14.4;
				MTL_ENABLE_DEBUG_INFO = INCLUDE_SOURCE;
				MTL_FAST_MATH = YES;
				ONLY_ACTIVE_ARCH = YES;
				SDKROOT = iphoneos;
				SWIFT_ACTIVE_COMPILATION_CONDITIONS = DEBUG;
				SWIFT_OPTIMIZATION_LEVEL = "-Onone";
			};
			name = Debug;
		};
		EA8718C62A8350F7001172C8 /* Release */ = {
			isa = XCBuildConfiguration;
			buildSettings = {
				ALWAYS_SEARCH_USER_PATHS = NO;
				CLANG_ANALYZER_NONNULL = YES;
				CLANG_ANALYZER_NUMBER_OBJECT_CONVERSION = YES_AGGRESSIVE;
				CLANG_CXX_LANGUAGE_STANDARD = "gnu++14";
				CLANG_CXX_LIBRARY = "libc++";
				CLANG_ENABLE_MODULES = YES;
				CLANG_ENABLE_OBJC_ARC = YES;
				CLANG_ENABLE_OBJC_WEAK = YES;
				CLANG_WARN_BLOCK_CAPTURE_AUTORELEASING = YES;
				CLANG_WARN_BOOL_CONVERSION = YES;
				CLANG_WARN_COMMA = YES;
				CLANG_WARN_CONSTANT_CONVERSION = YES;
				CLANG_WARN_DEPRECATED_OBJC_IMPLEMENTATIONS = YES;
				CLANG_WARN_DIRECT_OBJC_ISA_USAGE = YES_ERROR;
				CLANG_WARN_DOCUMENTATION_COMMENTS = YES;
				CLANG_WARN_EMPTY_BODY = YES;
				CLANG_WARN_ENUM_CONVERSION = YES;
				CLANG_WARN_INFINITE_RECURSION = YES;
				CLANG_WARN_INT_CONVERSION = YES;
				CLANG_WARN_NON_LITERAL_NULL_CONVERSION = YES;
				CLANG_WARN_OBJC_IMPLICIT_RETAIN_SELF = YES;
				CLANG_WARN_OBJC_LITERAL_CONVERSION = YES;
				CLANG_WARN_OBJC_ROOT_CLASS = YES_ERROR;
				CLANG_WARN_QUOTED_INCLUDE_IN_FRAMEWORK_HEADER = YES;
				CLANG_WARN_RANGE_LOOP_ANALYSIS = YES;
				CLANG_WARN_STRICT_PROTOTYPES = YES;
				CLANG_WARN_SUSPICIOUS_MOVE = YES;
				CLANG_WARN_UNGUARDED_AVAILABILITY = YES_AGGRESSIVE;
				CLANG_WARN_UNREACHABLE_CODE = YES;
				CLANG_WARN__DUPLICATE_METHOD_MATCH = YES;
				COPY_PHASE_STRIP = NO;
				DEBUG_INFORMATION_FORMAT = "dwarf-with-dsym";
				ENABLE_NS_ASSERTIONS = NO;
				ENABLE_STRICT_OBJC_MSGSEND = YES;
				GCC_C_LANGUAGE_STANDARD = gnu11;
				GCC_NO_COMMON_BLOCKS = YES;
				GCC_WARN_64_TO_32_BIT_CONVERSION = YES;
				GCC_WARN_ABOUT_RETURN_TYPE = YES_ERROR;
				GCC_WARN_UNDECLARED_SELECTOR = YES;
				GCC_WARN_UNINITIALIZED_AUTOS = YES_AGGRESSIVE;
				GCC_WARN_UNUSED_FUNCTION = YES;
				GCC_WARN_UNUSED_VARIABLE = YES;
				IPHONEOS_DEPLOYMENT_TARGET = 14.4;
				MTL_ENABLE_DEBUG_INFO = NO;
				MTL_FAST_MATH = YES;
				SDKROOT = iphoneos;
				SWIFT_COMPILATION_MODE = wholemodule;
				SWIFT_OPTIMIZATION_LEVEL = "-O";
				VALIDATE_PRODUCT = YES;
			};
			name = Release;
		};
		EA8718C82A8350F7001172C8 /* Debug */ = {
			isa = XCBuildConfiguration;
			buildSettings = {
				ASSETCATALOG_COMPILER_APPICON_NAME = AppIcon;
				ASSETCATALOG_COMPILER_GLOBAL_ACCENT_COLOR_NAME = AccentColor;
				CODE_SIGN_STYLE = Automatic;
				DEVELOPMENT_TEAM = VG2S98FFS9;
				INFOPLIST_FILE = CallBackClosures/Info.plist;
				LD_RUNPATH_SEARCH_PATHS = (
					"$(inherited)",
					"@executable_path/Frameworks",
				);
				PRODUCT_BUNDLE_IDENTIFIER = com.shivakumarpgk.CallBackClosures;
				PRODUCT_NAME = "$(TARGET_NAME)";
				SWIFT_VERSION = 5.0;
				TARGETED_DEVICE_FAMILY = "1,2";
			};
			name = Debug;
		};
		EA8718C92A8350F7001172C8 /* Release */ = {
			isa = XCBuildConfiguration;
			buildSettings = {
				ASSETCATALOG_COMPILER_APPICON_NAME = AppIcon;
				ASSETCATALOG_COMPILER_GLOBAL_ACCENT_COLOR_NAME = AccentColor;
				CODE_SIGN_STYLE = Automatic;
				DEVELOPMENT_TEAM = VG2S98FFS9;
				INFOPLIST_FILE = CallBackClosures/Info.plist;
				LD_RUNPATH_SEARCH_PATHS = (
					"$(inherited)",
					"@executable_path/Frameworks",
				);
				PRODUCT_BUNDLE_IDENTIFIER = com.shivakumarpgk.CallBackClosures;
				PRODUCT_NAME = "$(TARGET_NAME)";
				SWIFT_VERSION = 5.0;
				TARGETED_DEVICE_FAMILY = "1,2";
			};
			name = Release;
		};
		EA8718CB2A8350F7001172C8 /* Debug */ = {
			isa = XCBuildConfiguration;
			buildSettings = {
				ALWAYS_EMBED_SWIFT_STANDARD_LIBRARIES = YES;
				BUNDLE_LOADER = "$(TEST_HOST)";
				CODE_SIGN_STYLE = Automatic;
				DEVELOPMENT_TEAM = VG2S98FFS9;
				INFOPLIST_FILE = CallBackClosuresTests/Info.plist;
				IPHONEOS_DEPLOYMENT_TARGET = 14.4;
				LD_RUNPATH_SEARCH_PATHS = (
					"$(inherited)",
					"@executable_path/Frameworks",
					"@loader_path/Frameworks",
				);
				PRODUCT_BUNDLE_IDENTIFIER = com.shivakumarpgk.CallBackClosuresTests;
				PRODUCT_NAME = "$(TARGET_NAME)";
				SWIFT_VERSION = 5.0;
				TARGETED_DEVICE_FAMILY = "1,2";
				TEST_HOST = "$(BUILT_PRODUCTS_DIR)/CallBackClosures.app/CallBackClosures";
			};
			name = Debug;
		};
		EA8718CC2A8350F7001172C8 /* Release */ = {
			isa = XCBuildConfiguration;
			buildSettings = {
				ALWAYS_EMBED_SWIFT_STANDARD_LIBRARIES = YES;
				BUNDLE_LOADER = "$(TEST_HOST)";
				CODE_SIGN_STYLE = Automatic;
				DEVELOPMENT_TEAM = VG2S98FFS9;
				INFOPLIST_FILE = CallBackClosuresTests/Info.plist;
				IPHONEOS_DEPLOYMENT_TARGET = 14.4;
				LD_RUNPATH_SEARCH_PATHS = (
					"$(inherited)",
					"@executable_path/Frameworks",
					"@loader_path/Frameworks",
				);
				PRODUCT_BUNDLE_IDENTIFIER = com.shivakumarpgk.CallBackClosuresTests;
				PRODUCT_NAME = "$(TARGET_NAME)";
				SWIFT_VERSION = 5.0;
				TARGETED_DEVICE_FAMILY = "1,2";
				TEST_HOST = "$(BUILT_PRODUCTS_DIR)/CallBackClosures.app/CallBackClosures";
			};
			name = Release;
		};
		EA8718CE2A8350F7001172C8 /* Debug */ = {
			isa = XCBuildConfiguration;
			buildSettings = {
				ALWAYS_EMBED_SWIFT_STANDARD_LIBRARIES = YES;
				CODE_SIGN_STYLE = Automatic;
				DEVELOPMENT_TEAM = VG2S98FFS9;
				INFOPLIST_FILE = CallBackClosuresUITests/Info.plist;
				LD_RUNPATH_SEARCH_PATHS = (
					"$(inherited)",
					"@executable_path/Frameworks",
					"@loader_path/Frameworks",
				);
				PRODUCT_BUNDLE_IDENTIFIER = com.shivakumarpgk.CallBackClosuresUITests;
				PRODUCT_NAME = "$(TARGET_NAME)";
				SWIFT_VERSION = 5.0;
				TARGETED_DEVICE_FAMILY = "1,2";
				TEST_TARGET_NAME = CallBackClosures;
			};
			name = Debug;
		};
		EA8718CF2A8350F7001172C8 /* Release */ = {
			isa = XCBuildConfiguration;
			buildSettings = {
				ALWAYS_EMBED_SWIFT_STANDARD_LIBRARIES = YES;
				CODE_SIGN_STYLE = Automatic;
				DEVELOPMENT_TEAM = VG2S98FFS9;
				INFOPLIST_FILE = CallBackClosuresUITests/Info.plist;
				LD_RUNPATH_SEARCH_PATHS = (
					"$(inherited)",
					"@executable_path/Frameworks",
					"@loader_path/Frameworks",
				);
				PRODUCT_BUNDLE_IDENTIFIER = com.shivakumarpgk.CallBackClosuresUITests;
				PRODUCT_NAME = "$(TARGET_NAME)";
				SWIFT_VERSION = 5.0;
				TARGETED_DEVICE_FAMILY = "1,2";
				TEST_TARGET_NAME = CallBackClosures;
			};
			name = Release;
		};
/* End XCBuildConfiguration section */

/* Begin XCConfigurationList section */
		EA8718982A8350EA001172C8 /* Build configuration list for PBXProject "CallBackClosures" */ = {
			isa = XCConfigurationList;
			buildConfigurations = (
				EA8718C52A8350F7001172C8 /* Debug */,
				EA8718C62A8350F7001172C8 /* Release */,
			);
			defaultConfigurationIsVisible = 0;
			defaultConfigurationName = Release;
		};
		EA8718C72A8350F7001172C8 /* Build configuration list for PBXNativeTarget "CallBackClosures" */ = {
			isa = XCConfigurationList;
			buildConfigurations = (
				EA8718C82A8350F7001172C8 /* Debug */,
				EA8718C92A8350F7001172C8 /* Release */,
			);
			defaultConfigurationIsVisible = 0;
			defaultConfigurationName = Release;
		};
		EA8718CA2A8350F7001172C8 /* Build configuration list for PBXNativeTarget "CallBackClosuresTests" */ = {
			isa = XCConfigurationList;
			buildConfigurations = (
				EA8718CB2A8350F7001172C8 /* Debug */,
				EA8718CC2A8350F7001172C8 /* Release */,
			);
			defaultConfigurationIsVisible = 0;
			defaultConfigurationName = Release;
		};
		EA8718CD2A8350F7001172C8 /* Build configuration list for PBXNativeTarget "CallBackClosuresUITests" */ = {
			isa = XCConfigurationList;
			buildConfigurations = (
				EA8718CE2A8350F7001172C8 /* Debug */,
				EA8718CF2A8350F7001172C8 /* Release */,
			);
			defaultConfigurationIsVisible = 0;
			defaultConfigurationName = Release;
		};
/* End XCConfigurationList section */
	};
	rootObject = EA8718952A8350EA001172C8 /* Project object */;
}
